
Microsoft Visual Studio Solution File, Format Version 12.00
# Visual Studio Version 17
VisualStudioVersion = 17.11.35312.102
MinimumVisualStudioVersion = 10.0.40219.1
Project("{FAE04EC0-301F-11D3-BF4B-00C04F79EFBC}") = "Simulador de seguros 1.0", "Simulador de seguros 1.0.csproj", "{D57E753C-ACCD-43D4-B602-5574D95DC23F}"
EndProject
Global
	GlobalSection(SolutionConfigurationPlatforms) = preSolution
		Debug|Any CPU = Debug|Any CPU
		Release|Any CPU = Release|Any CPU
	EndGlobalSection
	GlobalSection(ProjectConfigurationPlatforms) = postSolution
		{D57E753C-ACCD-43D4-B602-5574D95DC23F}.Debug|Any CPU.ActiveCfg = Debug|Any CPU
		{D57E753C-ACCD-43D4-B602-5574D95DC23F}.Debug|Any CPU.Build.0 = Debug|Any CPU
		{D57E753C-ACCD-43D4-B602-5574D95DC23F}.Release|Any CPU.ActiveCfg = Release|Any CPU
		{D57E753C-ACCD-43D4-B602-5574D95DC23F}.Release|Any CPU.Build.0 = Release|Any CPU
	EndGlobalSection
	GlobalSection(SolutionProperties) = preSolution
		HideSolutionNode = FALSE
	EndGlobalSection
	GlobalSection(ExtensibilityGlobals) = postSolution
		SolutionGuid = {2B2B8288-A19C-4BA1-82D0-F6948871CB7E}
	EndGlobalSection
EndGlobal
